# This file is automatically @generated by Cargo.
# It is not intended for manual editing.
version = 3

[[package]]
name = "byteorder"
version = "1.3.4"
source = "registry+https://github.com/rust-lang/crates.io-index"
checksum = "08c48aae112d48ed9f069b33538ea9e3e90aa263cfa3d1c24309612b1f7472de"

[[package]]
name = "libc"
version = "0.2.88"
source = "registry+https://github.com/rust-lang/crates.io-index"
checksum = "03b07a082330a35e43f63177cc01689da34fbffa0105e1246cf0311472cac73a"

[[package]]
name = "neli"
version = "0.5.3"
source = "registry+https://github.com/rust-lang/crates.io-index"
checksum = "9053554eb5dcb7e10d9cdab1206965bde870eed5d0d341532ca035e3ba221508"
dependencies = [
 "byteorder",
 "libc",
]

[[package]]
name = "user-rust"
version = "0.1.0"
dependencies = [
 "neli",
]
